
Microsoft Visual Studio Solution File, Format Version 12.00
# Visual Studio Version 16
VisualStudioVersion = 16.0.30523.141
MinimumVisualStudioVersion = 10.0.40219.1
Project("{FAE04EC0-301F-11D3-BF4B-00C04F79EFBC}") = "WebAPI", "WebAPI\WebAPI.csproj", "{6C31AF6E-9F0B-4527-BE0F-B19DD78A25C8}"
EndProject
Project("{FAE04EC0-301F-11D3-BF4B-00C04F79EFBC}") = "Preda_Marcela_Lab12.Android", "Preda_Marcela_Lab12\Preda_Marcela_Lab12.Android\Preda_Marcela_Lab12.Android.csproj", "{BD1B5096-C5A9-435F-96B3-F8127BC84D1C}"
EndProject
Project("{FAE04EC0-301F-11D3-BF4B-00C04F79EFBC}") = "Preda_Marcela_Lab12.iOS", "Preda_Marcela_Lab12\Preda_Marcela_Lab12.iOS\Preda_Marcela_Lab12.iOS.csproj", "{9B070F77-F94D-4E3C-B25D-55736F805373}"
EndProject
Project("{FAE04EC0-301F-11D3-BF4B-00C04F79EFBC}") = "Preda_Marcela_Lab12", "Preda_Marcela_Lab12\Preda_Marcela_Lab12\Preda_Marcela_Lab12.csproj", "{B544AB5D-A5A9-418F-9184-4CFDA3ED4913}"
EndProject
Global
	GlobalSection(SolutionConfigurationPlatforms) = preSolution
		Debug|Any CPU = Debug|Any CPU
		Debug|iPhone = Debug|iPhone
		Debug|iPhoneSimulator = Debug|iPhoneSimulator
		Release|Any CPU = Release|Any CPU
		Release|iPhone = Release|iPhone
		Release|iPhoneSimulator = Release|iPhoneSimulator
	EndGlobalSection
	GlobalSection(ProjectConfigurationPlatforms) = postSolution
		{6C31AF6E-9F0B-4527-BE0F-B19DD78A25C8}.Debug|Any CPU.ActiveCfg = Debug|Any CPU
		{6C31AF6E-9F0B-4527-BE0F-B19DD78A25C8}.Debug|Any CPU.Build.0 = Debug|Any CPU
		{6C31AF6E-9F0B-4527-BE0F-B19DD78A25C8}.Debug|iPhone.ActiveCfg = Debug|Any CPU
		{6C31AF6E-9F0B-4527-BE0F-B19DD78A25C8}.Debug|iPhone.Build.0 = Debug|Any CPU
		{6C31AF6E-9F0B-4527-BE0F-B19DD78A25C8}.Debug|iPhoneSimulator.ActiveCfg = Debug|Any CPU
		{6C31AF6E-9F0B-4527-BE0F-B19DD78A25C8}.Debug|iPhoneSimulator.Build.0 = Debug|Any CPU
		{6C31AF6E-9F0B-4527-BE0F-B19DD78A25C8}.Release|Any CPU.ActiveCfg = Release|Any CPU
		{6C31AF6E-9F0B-4527-BE0F-B19DD78A25C8}.Release|Any CPU.Build.0 = Release|Any CPU
		{6C31AF6E-9F0B-4527-BE0F-B19DD78A25C8}.Release|iPhone.ActiveCfg = Release|Any CPU
		{6C31AF6E-9F0B-4527-BE0F-B19DD78A25C8}.Release|iPhone.Build.0 = Release|Any CPU
		{6C31AF6E-9F0B-4527-BE0F-B19DD78A25C8}.Release|iPhoneSimulator.ActiveCfg = Release|Any CPU
		{6C31AF6E-9F0B-4527-BE0F-B19DD78A25C8}.Release|iPhoneSimulator.Build.0 = Release|Any CPU
		{BD1B5096-C5A9-435F-96B3-F8127BC84D1C}.Debug|Any CPU.ActiveCfg = Debug|Any CPU
		{BD1B5096-C5A9-435F-96B3-F8127BC84D1C}.Debug|Any CPU.Build.0 = Debug|Any CPU
		{BD1B5096-C5A9-435F-96B3-F8127BC84D1C}.Debug|Any CPU.Deploy.0 = Debug|Any CPU
		{BD1B5096-C5A9-435F-96B3-F8127BC84D1C}.Debug|iPhone.ActiveCfg = Debug|Any CPU
		{BD1B5096-C5A9-435F-96B3-F8127BC84D1C}.Debug|iPhone.Build.0 = Debug|Any CPU
		{BD1B5096-C5A9-435F-96B3-F8127BC84D1C}.Debug|iPhone.Deploy.0 = Debug|Any CPU
		{BD1B5096-C5A9-435F-96B3-F8127BC84D1C}.Debug|iPhoneSimulator.ActiveCfg = Debug|Any CPU
		{BD1B5096-C5A9-435F-96B3-F8127BC84D1C}.Debug|iPhoneSimulator.Build.0 = Debug|Any CPU
		{BD1B5096-C5A9-435F-96B3-F8127BC84D1C}.Debug|iPhoneSimulator.Deploy.0 = Debug|Any CPU
		{BD1B5096-C5A9-435F-96B3-F8127BC84D1C}.Release|Any CPU.ActiveCfg = Release|Any CPU
		{BD1B5096-C5A9-435F-96B3-F8127BC84D1C}.Release|Any CPU.Build.0 = Release|Any CPU
		{BD1B5096-C5A9-435F-96B3-F8127BC84D1C}.Release|Any CPU.Deploy.0 = Release|Any CPU
		{BD1B5096-C5A9-435F-96B3-F8127BC84D1C}.Release|iPhone.ActiveCfg = Release|Any CPU
		{BD1B5096-C5A9-435F-96B3-F8127BC84D1C}.Release|iPhone.Build.0 = Release|Any CPU
		{BD1B5096-C5A9-435F-96B3-F8127BC84D1C}.Release|iPhone.Deploy.0 = Release|Any CPU
		{BD1B5096-C5A9-435F-96B3-F8127BC84D1C}.Release|iPhoneSimulator.ActiveCfg = Release|Any CPU
		{BD1B5096-C5A9-435F-96B3-F8127BC84D1C}.Release|iPhoneSimulator.Build.0 = Release|Any CPU
		{BD1B5096-C5A9-435F-96B3-F8127BC84D1C}.Release|iPhoneSimulator.Deploy.0 = Release|Any CPU
		{9B070F77-F94D-4E3C-B25D-55736F805373}.Debug|Any CPU.ActiveCfg = Debug|iPhoneSimulator
		{9B070F77-F94D-4E3C-B25D-55736F805373}.Debug|iPhone.ActiveCfg = Debug|iPhone
		{9B070F77-F94D-4E3C-B25D-55736F805373}.Debug|iPhone.Build.0 = Debug|iPhone
		{9B070F77-F94D-4E3C-B25D-55736F805373}.Debug|iPhoneSimulator.ActiveCfg = Debug|iPhoneSimulator
		{9B070F77-F94D-4E3C-B25D-55736F805373}.Debug|iPhoneSimulator.Build.0 = Debug|iPhoneSimulator
		{9B070F77-F94D-4E3C-B25D-55736F805373}.Release|Any CPU.ActiveCfg = Release|iPhoneSimulator
		{9B070F77-F94D-4E3C-B25D-55736F805373}.Release|iPhone.ActiveCfg = Release|iPhone
		{9B070F77-F94D-4E3C-B25D-55736F805373}.Release|iPhone.Build.0 = Release|iPhone
		{9B070F77-F94D-4E3C-B25D-55736F805373}.Release|iPhoneSimulator.ActiveCfg = Release|iPhoneSimulator
		{9B070F77-F94D-4E3C-B25D-55736F805373}.Release|iPhoneSimulator.Build.0 = Release|iPhoneSimulator
		{B544AB5D-A5A9-418F-9184-4CFDA3ED4913}.Debug|Any CPU.ActiveCfg = Debug|Any CPU
		{B544AB5D-A5A9-418F-9184-4CFDA3ED4913}.Debug|Any CPU.Build.0 = Debug|Any CPU
		{B544AB5D-A5A9-418F-9184-4CFDA3ED4913}.Debug|iPhone.ActiveCfg = Debug|Any CPU
		{B544AB5D-A5A9-418F-9184-4CFDA3ED4913}.Debug|iPhone.Build.0 = Debug|Any CPU
		{B544AB5D-A5A9-418F-9184-4CFDA3ED4913}.Debug|iPhoneSimulator.ActiveCfg = Debug|Any CPU
		{B544AB5D-A5A9-418F-9184-4CFDA3ED4913}.Debug|iPhoneSimulator.Build.0 = Debug|Any CPU
		{B544AB5D-A5A9-418F-9184-4CFDA3ED4913}.Release|Any CPU.ActiveCfg = Release|Any CPU
		{B544AB5D-A5A9-418F-9184-4CFDA3ED4913}.Release|Any CPU.Build.0 = Release|Any CPU
		{B544AB5D-A5A9-418F-9184-4CFDA3ED4913}.Release|iPhone.ActiveCfg = Release|Any CPU
		{B544AB5D-A5A9-418F-9184-4CFDA3ED4913}.Release|iPhone.Build.0 = Release|Any CPU
		{B544AB5D-A5A9-418F-9184-4CFDA3ED4913}.Release|iPhoneSimulator.ActiveCfg = Release|Any CPU
		{B544AB5D-A5A9-418F-9184-4CFDA3ED4913}.Release|iPhoneSimulator.Build.0 = Release|Any CPU
	EndGlobalSection
	GlobalSection(SolutionProperties) = preSolution
		HideSolutionNode = FALSE
	EndGlobalSection
	GlobalSection(ExtensibilityGlobals) = postSolution
		SolutionGuid = {EC6BEBE3-5154-4816-8D35-ED4D769ECD78}
	EndGlobalSection
EndGlobal
